
Microsoft Visual Studio Solution File, Format Version 12.00
# Visual Studio 15
VisualStudioVersion = 15.0.28307.1022
MinimumVisualStudioVersion = 10.0.40219.1
Project("{8BC9CEB8-8B4A-11D0-8D11-00A0C91BC942}") = "BinaryTree", "BinaryTree\BinaryTree.vcxproj", "{34DB4071-D820-4FE9-A9F6-4CC1347A23CA}"
EndProject
Global
	GlobalSection(SolutionConfigurationPlatforms) = preSolution
		Debug|x64 = Debug|x64
		Debug|x86 = Debug|x86
		Release|x64 = Release|x64
		Release|x86 = Release|x86
	EndGlobalSection
	GlobalSection(ProjectConfigurationPlatforms) = postSolution
		{34DB4071-D820-4FE9-A9F6-4CC1347A23CA}.Debug|x64.ActiveCfg = Debug|x64
		{34DB4071-D820-4FE9-A9F6-4CC1347A23CA}.Debug|x64.Build.0 = Debug|x64
		{34DB4071-D820-4FE9-A9F6-4CC1347A23CA}.Debug|x86.ActiveCfg = Debug|Win32
		{34DB4071-D820-4FE9-A9F6-4CC1347A23CA}.Debug|x86.Build.0 = Debug|Win32
		{34DB4071-D820-4FE9-A9F6-4CC1347A23CA}.Release|x64.ActiveCfg = Release|x64
		{34DB4071-D820-4FE9-A9F6-4CC1347A23CA}.Release|x64.Build.0 = Release|x64
		{34DB4071-D820-4FE9-A9F6-4CC1347A23CA}.Release|x86.ActiveCfg = Release|Win32
		{34DB4071-D820-4FE9-A9F6-4CC1347A23CA}.Release|x86.Build.0 = Release|Win32
	EndGlobalSection
	GlobalSection(SolutionProperties) = preSolution
		HideSolutionNode = FALSE
	EndGlobalSection
	GlobalSection(ExtensibilityGlobals) = postSolution
		SolutionGuid = {7EF8240A-3B5F-4650-836F-6497FFE7EADB}
	EndGlobalSection
EndGlobal
